
Microsoft Visual Studio Solution File, Format Version 11.00
# Visual Studio 2010
Project("{FAE04EC0-301F-11D3-BF4B-00C04F79EFBC}") = "XPlatformCloudKit.Droid", "XPlatformCloudKit.Droid.csproj", "{FD5158DE-8D0E-4D52-8C5A-4FD88D42C18D}"
EndProject
Global
	GlobalSection(SolutionConfigurationPlatforms) = preSolution
		Debug|Any CPU = Debug|Any CPU
		Release|Any CPU = Release|Any CPU
	EndGlobalSection
	GlobalSection(ProjectConfigurationPlatforms) = postSolution
		{FD5158DE-8D0E-4D52-8C5A-4FD88D42C18D}.Debug|Any CPU.ActiveCfg = Debug|Any CPU
		{FD5158DE-8D0E-4D52-8C5A-4FD88D42C18D}.Debug|Any CPU.Build.0 = Debug|Any CPU
		{FD5158DE-8D0E-4D52-8C5A-4FD88D42C18D}.Release|Any CPU.ActiveCfg = Release|Any CPU
		{FD5158DE-8D0E-4D52-8C5A-4FD88D42C18D}.Release|Any CPU.Build.0 = Release|Any CPU
	EndGlobalSection
	GlobalSection(MonoDevelopProperties) = preSolution
		StartupItem = XPlatformCloudKit.Droid.csproj
	EndGlobalSection
EndGlobal
